
Microsoft Visual Studio Solution File, Format Version 12.00
# Visual Studio 15
VisualStudioVersion = 15.0.27703.2026
MinimumVisualStudioVersion = 10.0.40219.1
Project("{9092AA53-FB77-4645-B42D-1CCCA6BD08BD}") = "NodejsConsoleApp1", "NodejsConsoleApp1\NodejsConsoleApp1.njsproj", "{B71600CC-2724-4DDD-972B-8217A5545EFD}"
EndProject
Global
	GlobalSection(SolutionConfigurationPlatforms) = preSolution
		Debug|Any CPU = Debug|Any CPU
		Release|Any CPU = Release|Any CPU
	EndGlobalSection
	GlobalSection(ProjectConfigurationPlatforms) = postSolution
		{B71600CC-2724-4DDD-972B-8217A5545EFD}.Debug|Any CPU.ActiveCfg = Debug|Any CPU
		{B71600CC-2724-4DDD-972B-8217A5545EFD}.Debug|Any CPU.Build.0 = Debug|Any CPU
		{B71600CC-2724-4DDD-972B-8217A5545EFD}.Release|Any CPU.ActiveCfg = Release|Any CPU
		{B71600CC-2724-4DDD-972B-8217A5545EFD}.Release|Any CPU.Build.0 = Release|Any CPU
	EndGlobalSection
	GlobalSection(SolutionProperties) = preSolution
		HideSolutionNode = FALSE
	EndGlobalSection
	GlobalSection(ExtensibilityGlobals) = postSolution
		SolutionGuid = {B4259117-EB2F-44E1-A193-6FE918E94692}
	EndGlobalSection
EndGlobal
